
Microsoft Visual Studio Solution File, Format Version 12.00
# Visual Studio Version 17
VisualStudioVersion = 17.11.35219.272
MinimumVisualStudioVersion = 10.0.40219.1
Project("{2150E333-8FDC-42A3-9474-1A3956D46DE8}") = "Services", "Services", "{9777F870-6A1A-4CF9-AE37-0C3D410246E7}"
EndProject
Project("{2150E333-8FDC-42A3-9474-1A3956D46DE8}") = "Catalog", "Catalog", "{B080D511-D199-45F2-B324-0EC4FE97A7D2}"
EndProject
Project("{9A19103F-16F7-4668-BE54-9A1E7A4F7556}") = "Catalog.API", "Services\Catalog\Catalog.API\Catalog.API.csproj", "{DCD9E212-9E3B-45F2-BA14-317489C38C56}"
EndProject
Project("{9A19103F-16F7-4668-BE54-9A1E7A4F7556}") = "Catalog.Application", "Services\Catalog\Catalog.Application\Catalog.Application.csproj", "{04A45F00-5DA1-4736-AF26-070EBD248874}"
EndProject
Project("{9A19103F-16F7-4668-BE54-9A1E7A4F7556}") = "Catalog.Core", "Services\Catalog\Catalog.Core\Catalog.Core.csproj", "{6AA1589E-93F9-45D0-AD28-DF07DDC5EB56}"
EndProject
Project("{9A19103F-16F7-4668-BE54-9A1E7A4F7556}") = "Catalog.Infrastructure", "Services\Catalog\Catalog.Infrastructure\Catalog.Infrastructure.csproj", "{B5FC3A61-4089-4DCD-B573-3CB11068F926}"
EndProject
Project("{2150E333-8FDC-42A3-9474-1A3956D46DE8}") = "Solution Items", "Solution Items", "{26A1DAAB-EF7F-47BE-B44C-C996165CF4FE}"
	ProjectSection(SolutionItems) = preProject
		docker-compose.override.yml = docker-compose.override.yml
		docker-compose.yml = docker-compose.yml
	EndProjectSection
EndProject
Project("{2150E333-8FDC-42A3-9474-1A3956D46DE8}") = "Images", "Images", "{E62A48D5-2A9D-4480-B74D-733AB5658F17}"
	ProjectSection(SolutionItems) = preProject
		FileList.txt = FileList.txt
	EndProjectSection
EndProject
Project("{2150E333-8FDC-42A3-9474-1A3956D46DE8}") = "Basket", "Basket", "{53DF30B6-8F70-4BFF-B3CC-66100980B9D2}"
EndProject
Project("{FAE04EC0-301F-11D3-BF4B-00C04F79EFBC}") = "Basket.API", "Services\Basket\Basket.API\Basket.API.csproj", "{1D66AF8D-DC95-43FB-8710-6186E60399A1}"
EndProject
Project("{FAE04EC0-301F-11D3-BF4B-00C04F79EFBC}") = "Basket.Core", "Services\Basket\Basket.Core\Basket.Core.csproj", "{3594A90D-85F5-4A11-8EB8-F2C8307875DA}"
EndProject
Project("{FAE04EC0-301F-11D3-BF4B-00C04F79EFBC}") = "Basket.Application", "Services\Basket\Basket.Application\Basket.Application.csproj", "{781D7900-5E4D-4031-B2DB-A4218F0ADC1F}"
EndProject
Project("{FAE04EC0-301F-11D3-BF4B-00C04F79EFBC}") = "Basket.Infrastructure", "Services\Basket\Basket.Infrastructure\Basket.Infrastructure.csproj", "{E6C7F3D9-4600-47E6-A27E-44FF7D5A4607}"
EndProject
Project("{2150E333-8FDC-42A3-9474-1A3956D46DE8}") = "Discount", "Discount", "{8B2637D3-FF40-4EE5-8A93-41AFD877109C}"
EndProject
Project("{FAE04EC0-301F-11D3-BF4B-00C04F79EFBC}") = "Discount.Core", "Services\Discount\Discount.Core\Discount.Core.csproj", "{06436847-76F7-4225-BC8F-12228CD8FF20}"
EndProject
Global
	GlobalSection(SolutionConfigurationPlatforms) = preSolution
		Debug|Any CPU = Debug|Any CPU
		Release|Any CPU = Release|Any CPU
	EndGlobalSection
	GlobalSection(ProjectConfigurationPlatforms) = postSolution
		{DCD9E212-9E3B-45F2-BA14-317489C38C56}.Debug|Any CPU.ActiveCfg = Debug|Any CPU
		{DCD9E212-9E3B-45F2-BA14-317489C38C56}.Debug|Any CPU.Build.0 = Debug|Any CPU
		{DCD9E212-9E3B-45F2-BA14-317489C38C56}.Release|Any CPU.ActiveCfg = Release|Any CPU
		{DCD9E212-9E3B-45F2-BA14-317489C38C56}.Release|Any CPU.Build.0 = Release|Any CPU
		{04A45F00-5DA1-4736-AF26-070EBD248874}.Debug|Any CPU.ActiveCfg = Debug|Any CPU
		{04A45F00-5DA1-4736-AF26-070EBD248874}.Debug|Any CPU.Build.0 = Debug|Any CPU
		{04A45F00-5DA1-4736-AF26-070EBD248874}.Release|Any CPU.ActiveCfg = Release|Any CPU
		{04A45F00-5DA1-4736-AF26-070EBD248874}.Release|Any CPU.Build.0 = Release|Any CPU
		{6AA1589E-93F9-45D0-AD28-DF07DDC5EB56}.Debug|Any CPU.ActiveCfg = Debug|Any CPU
		{6AA1589E-93F9-45D0-AD28-DF07DDC5EB56}.Debug|Any CPU.Build.0 = Debug|Any CPU
		{6AA1589E-93F9-45D0-AD28-DF07DDC5EB56}.Release|Any CPU.ActiveCfg = Release|Any CPU
		{6AA1589E-93F9-45D0-AD28-DF07DDC5EB56}.Release|Any CPU.Build.0 = Release|Any CPU
		{B5FC3A61-4089-4DCD-B573-3CB11068F926}.Debug|Any CPU.ActiveCfg = Debug|Any CPU
		{B5FC3A61-4089-4DCD-B573-3CB11068F926}.Debug|Any CPU.Build.0 = Debug|Any CPU
		{B5FC3A61-4089-4DCD-B573-3CB11068F926}.Release|Any CPU.ActiveCfg = Release|Any CPU
		{B5FC3A61-4089-4DCD-B573-3CB11068F926}.Release|Any CPU.Build.0 = Release|Any CPU
		{1D66AF8D-DC95-43FB-8710-6186E60399A1}.Debug|Any CPU.ActiveCfg = Debug|Any CPU
		{1D66AF8D-DC95-43FB-8710-6186E60399A1}.Debug|Any CPU.Build.0 = Debug|Any CPU
		{1D66AF8D-DC95-43FB-8710-6186E60399A1}.Release|Any CPU.ActiveCfg = Release|Any CPU
		{1D66AF8D-DC95-43FB-8710-6186E60399A1}.Release|Any CPU.Build.0 = Release|Any CPU
		{3594A90D-85F5-4A11-8EB8-F2C8307875DA}.Debug|Any CPU.ActiveCfg = Debug|Any CPU
		{3594A90D-85F5-4A11-8EB8-F2C8307875DA}.Debug|Any CPU.Build.0 = Debug|Any CPU
		{3594A90D-85F5-4A11-8EB8-F2C8307875DA}.Release|Any CPU.ActiveCfg = Release|Any CPU
		{3594A90D-85F5-4A11-8EB8-F2C8307875DA}.Release|Any CPU.Build.0 = Release|Any CPU
		{781D7900-5E4D-4031-B2DB-A4218F0ADC1F}.Debug|Any CPU.ActiveCfg = Debug|Any CPU
		{781D7900-5E4D-4031-B2DB-A4218F0ADC1F}.Debug|Any CPU.Build.0 = Debug|Any CPU
		{781D7900-5E4D-4031-B2DB-A4218F0ADC1F}.Release|Any CPU.ActiveCfg = Release|Any CPU
		{781D7900-5E4D-4031-B2DB-A4218F0ADC1F}.Release|Any CPU.Build.0 = Release|Any CPU
		{E6C7F3D9-4600-47E6-A27E-44FF7D5A4607}.Debug|Any CPU.ActiveCfg = Debug|Any CPU
		{E6C7F3D9-4600-47E6-A27E-44FF7D5A4607}.Debug|Any CPU.Build.0 = Debug|Any CPU
		{E6C7F3D9-4600-47E6-A27E-44FF7D5A4607}.Release|Any CPU.ActiveCfg = Release|Any CPU
		{E6C7F3D9-4600-47E6-A27E-44FF7D5A4607}.Release|Any CPU.Build.0 = Release|Any CPU
		{06436847-76F7-4225-BC8F-12228CD8FF20}.Debug|Any CPU.ActiveCfg = Debug|Any CPU
		{06436847-76F7-4225-BC8F-12228CD8FF20}.Debug|Any CPU.Build.0 = Debug|Any CPU
		{06436847-76F7-4225-BC8F-12228CD8FF20}.Release|Any CPU.ActiveCfg = Release|Any CPU
		{06436847-76F7-4225-BC8F-12228CD8FF20}.Release|Any CPU.Build.0 = Release|Any CPU
	EndGlobalSection
	GlobalSection(SolutionProperties) = preSolution
		HideSolutionNode = FALSE
	EndGlobalSection
	GlobalSection(NestedProjects) = preSolution
		{B080D511-D199-45F2-B324-0EC4FE97A7D2} = {9777F870-6A1A-4CF9-AE37-0C3D410246E7}
		{DCD9E212-9E3B-45F2-BA14-317489C38C56} = {B080D511-D199-45F2-B324-0EC4FE97A7D2}
		{04A45F00-5DA1-4736-AF26-070EBD248874} = {B080D511-D199-45F2-B324-0EC4FE97A7D2}
		{6AA1589E-93F9-45D0-AD28-DF07DDC5EB56} = {B080D511-D199-45F2-B324-0EC4FE97A7D2}
		{B5FC3A61-4089-4DCD-B573-3CB11068F926} = {B080D511-D199-45F2-B324-0EC4FE97A7D2}
		{53DF30B6-8F70-4BFF-B3CC-66100980B9D2} = {9777F870-6A1A-4CF9-AE37-0C3D410246E7}
		{1D66AF8D-DC95-43FB-8710-6186E60399A1} = {53DF30B6-8F70-4BFF-B3CC-66100980B9D2}
		{3594A90D-85F5-4A11-8EB8-F2C8307875DA} = {53DF30B6-8F70-4BFF-B3CC-66100980B9D2}
		{781D7900-5E4D-4031-B2DB-A4218F0ADC1F} = {53DF30B6-8F70-4BFF-B3CC-66100980B9D2}
		{E6C7F3D9-4600-47E6-A27E-44FF7D5A4607} = {53DF30B6-8F70-4BFF-B3CC-66100980B9D2}
		{8B2637D3-FF40-4EE5-8A93-41AFD877109C} = {9777F870-6A1A-4CF9-AE37-0C3D410246E7}
		{06436847-76F7-4225-BC8F-12228CD8FF20} = {8B2637D3-FF40-4EE5-8A93-41AFD877109C}
	EndGlobalSection
	GlobalSection(ExtensibilityGlobals) = postSolution
		SolutionGuid = {AE6FE3EA-6773-4FB6-BE3A-6F474EBEFFA9}
	EndGlobalSection
EndGlobal
